
Microsoft Visual Studio Solution File, Format Version 12.00
# Visual Studio Version 17
VisualStudioVersion = 17.9.34728.123
MinimumVisualStudioVersion = 10.0.40219.1
Project("{FAE04EC0-301F-11D3-BF4B-00C04F79EFBC}") = "Astro", "Astro\Astro.csproj", "{C58685DD-B48C-4266-9C6D-55E63028B05C}"
EndProject
Project("{FAE04EC0-301F-11D3-BF4B-00C04F79EFBC}") = "Atlas", "Atlas\Atlas.csproj", "{1CCC1E7C-0024-4B90-A737-282EDF0DA393}"
EndProject
Global
	GlobalSection(SolutionConfigurationPlatforms) = preSolution
		Debug|Any CPU = Debug|Any CPU
		Release|Any CPU = Release|Any CPU
	EndGlobalSection
	GlobalSection(ProjectConfigurationPlatforms) = postSolution
		{C58685DD-B48C-4266-9C6D-55E63028B05C}.Debug|Any CPU.ActiveCfg = Debug|Any CPU
		{C58685DD-B48C-4266-9C6D-55E63028B05C}.Debug|Any CPU.Build.0 = Debug|Any CPU
		{C58685DD-B48C-4266-9C6D-55E63028B05C}.Release|Any CPU.ActiveCfg = Release|Any CPU
		{C58685DD-B48C-4266-9C6D-55E63028B05C}.Release|Any CPU.Build.0 = Release|Any CPU
		{1CCC1E7C-0024-4B90-A737-282EDF0DA393}.Debug|Any CPU.ActiveCfg = Debug|Any CPU
		{1CCC1E7C-0024-4B90-A737-282EDF0DA393}.Debug|Any CPU.Build.0 = Debug|Any CPU
		{1CCC1E7C-0024-4B90-A737-282EDF0DA393}.Release|Any CPU.ActiveCfg = Release|Any CPU
		{1CCC1E7C-0024-4B90-A737-282EDF0DA393}.Release|Any CPU.Build.0 = Release|Any CPU
	EndGlobalSection
	GlobalSection(SolutionProperties) = preSolution
		HideSolutionNode = FALSE
	EndGlobalSection
	GlobalSection(ExtensibilityGlobals) = postSolution
		SolutionGuid = {99C237B5-E9BB-4AAE-83EC-F12C7A85B9A4}
	EndGlobalSection
EndGlobal
