
Microsoft Visual Studio Solution File, Format Version 12.00
# Visual Studio Version 17
VisualStudioVersion = 17.9.34728.123
MinimumVisualStudioVersion = 10.0.40219.1
Project("{9A19103F-16F7-4668-BE54-9A1E7A4F7556}") = "Astro", "Astro\Astro.csproj", "{1CCC1E7C-0024-4B90-A737-282EDF0DA393}"
EndProject
Project("{9A19103F-16F7-4668-BE54-9A1E7A4F7556}") = "Shared", "Shared\Shared.csproj", "{3F55C5AF-E5F9-4FEE-BBD1-A333D1231F7F}"
EndProject
Project("{9A19103F-16F7-4668-BE54-9A1E7A4F7556}") = "Core", "Core\Core.csproj", "{E451E71C-9D1F-4DF0-9C54-1BE3934064FF}"
EndProject
Project("{9A19103F-16F7-4668-BE54-9A1E7A4F7556}") = "Application", "Application\Application.csproj", "{BA78FDD2-8144-42B5-9AAA-EEF377343905}"
EndProject
Project("{9A19103F-16F7-4668-BE54-9A1E7A4F7556}") = "Infrastructure", "Infrastructure\Infrastructure.csproj", "{1B132A27-1B20-4D0B-A268-107181BAF21E}"
EndProject
Project("{FAE04EC0-301F-11D3-BF4B-00C04F79EFBC}") = "Tests", "Tests\Tests.csproj", "{1F35C3E2-B7F4-426A-9718-236BBFA7C709}"
EndProject
Global
	GlobalSection(SolutionConfigurationPlatforms) = preSolution
		Debug|Any CPU = Debug|Any CPU
		Release|Any CPU = Release|Any CPU
	EndGlobalSection
	GlobalSection(ProjectConfigurationPlatforms) = postSolution
		{1CCC1E7C-0024-4B90-A737-282EDF0DA393}.Debug|Any CPU.ActiveCfg = Debug|Any CPU
		{1CCC1E7C-0024-4B90-A737-282EDF0DA393}.Debug|Any CPU.Build.0 = Debug|Any CPU
		{1CCC1E7C-0024-4B90-A737-282EDF0DA393}.Release|Any CPU.ActiveCfg = Release|Any CPU
		{1CCC1E7C-0024-4B90-A737-282EDF0DA393}.Release|Any CPU.Build.0 = Release|Any CPU
		{3F55C5AF-E5F9-4FEE-BBD1-A333D1231F7F}.Debug|Any CPU.ActiveCfg = Debug|Any CPU
		{3F55C5AF-E5F9-4FEE-BBD1-A333D1231F7F}.Debug|Any CPU.Build.0 = Debug|Any CPU
		{3F55C5AF-E5F9-4FEE-BBD1-A333D1231F7F}.Release|Any CPU.ActiveCfg = Release|Any CPU
		{3F55C5AF-E5F9-4FEE-BBD1-A333D1231F7F}.Release|Any CPU.Build.0 = Release|Any CPU
		{E451E71C-9D1F-4DF0-9C54-1BE3934064FF}.Debug|Any CPU.ActiveCfg = Debug|Any CPU
		{E451E71C-9D1F-4DF0-9C54-1BE3934064FF}.Debug|Any CPU.Build.0 = Debug|Any CPU
		{E451E71C-9D1F-4DF0-9C54-1BE3934064FF}.Release|Any CPU.ActiveCfg = Release|Any CPU
		{E451E71C-9D1F-4DF0-9C54-1BE3934064FF}.Release|Any CPU.Build.0 = Release|Any CPU
		{BA78FDD2-8144-42B5-9AAA-EEF377343905}.Debug|Any CPU.ActiveCfg = Debug|Any CPU
		{BA78FDD2-8144-42B5-9AAA-EEF377343905}.Debug|Any CPU.Build.0 = Debug|Any CPU
		{BA78FDD2-8144-42B5-9AAA-EEF377343905}.Release|Any CPU.ActiveCfg = Release|Any CPU
		{BA78FDD2-8144-42B5-9AAA-EEF377343905}.Release|Any CPU.Build.0 = Release|Any CPU
		{1B132A27-1B20-4D0B-A268-107181BAF21E}.Debug|Any CPU.ActiveCfg = Debug|Any CPU
		{1B132A27-1B20-4D0B-A268-107181BAF21E}.Debug|Any CPU.Build.0 = Debug|Any CPU
		{1B132A27-1B20-4D0B-A268-107181BAF21E}.Release|Any CPU.ActiveCfg = Release|Any CPU
		{1B132A27-1B20-4D0B-A268-107181BAF21E}.Release|Any CPU.Build.0 = Release|Any CPU
		{1F35C3E2-B7F4-426A-9718-236BBFA7C709}.Debug|Any CPU.ActiveCfg = Debug|Any CPU
		{1F35C3E2-B7F4-426A-9718-236BBFA7C709}.Debug|Any CPU.Build.0 = Debug|Any CPU
		{1F35C3E2-B7F4-426A-9718-236BBFA7C709}.Release|Any CPU.ActiveCfg = Release|Any CPU
		{1F35C3E2-B7F4-426A-9718-236BBFA7C709}.Release|Any CPU.Build.0 = Release|Any CPU
	EndGlobalSection
	GlobalSection(SolutionProperties) = preSolution
		HideSolutionNode = FALSE
	EndGlobalSection
	GlobalSection(ExtensibilityGlobals) = postSolution
		SolutionGuid = {99C237B5-E9BB-4AAE-83EC-F12C7A85B9A4}
	EndGlobalSection
EndGlobal
